{
  "requires": true,
  "lockfileVersion": 1,
  "dependencies": {
    "commander": {
      "version": "2.20.0",
      "resolved": "https://registry.npmjs.org/commander/-/commander-2.20.0.tgz",
      "integrity": "sha512-7j2y+40w61zy6YC2iRNpUe/NwhNyoXrYpHMrSunaMG64nRnaf96zO/KMQR4OyN/UnE5KLyEBnKHd4aG3rskjpQ=="
    },
    "source-map": {
      "version": "0.6.1",
      "resolved": "https://registry.npmjs.org/source-map/-/source-map-0.6.1.tgz",
      "integrity": "sha512-UjgapumWlbMhkBgzT7Ykc5YXUT46F0iKu8SGXq0bcwP5dz/h0Plj6enJqjz1Zbq2l5WaqYnrVbwWOWMyF3F47g=="
    },
    "susy": {
      "version": "3.0.5",
      "resolved": "https://registry.npmjs.org/susy/-/susy-3.0.5.tgz",
      "integrity": "sha512-Adc67mYO0n7eKn0lnyVOMN9lqA3JrHE/NAMfOQQnm2g8yvcZpmcrNfiHjfQXVodXdZE1PyluPnUjPhezaKGztA=="
    },
    "uglify-es": {
      "version": "github:mishoo/UglifyJS2#569757d14dbbe04f66af65d7bf0600b3a75efd96",
      "from": "github:mishoo/UglifyJS2#harmony",
      "dev": true,
      "requires": {
        "commander": "~2.14.1",
        "source-map": "~0.6.1"
      },
      "dependencies": {
        "commander": {
          "version": "2.14.1",
          "resolved": "https://registry.npmjs.org/commander/-/commander-2.14.1.tgz",
          "integrity": "sha512-+YR16o3rK53SmWHU3rEM3tPAh2rwb1yPcQX5irVn7mb0gXbwuCCrnkbV5+PBfETdfg1vui07nM6PCG1zndcjQw==",
          "dev": true
        }
      }
    },
    "uglify-js": {
      "version": "3.5.11",
      "resolved": "https://registry.npmjs.org/uglify-js/-/uglify-js-3.5.11.tgz",
      "integrity": "sha512-izPJg8RsSyqxbdnqX36ExpbH3K7tDBsAU/VfNv89VkMFy3z39zFjunQGsSHOlGlyIfGLGprGeosgQno3bo2/Kg==",
      "requires": {
        "commander": "~2.20.0",
        "source-map": "~0.6.1"
      }
    }
  }
}
